
Microsoft Visual Studio Solution File, Format Version 12.00
# Visual Studio 2013
VisualStudioVersion = 12.0.40629.0
MinimumVisualStudioVersion = 10.0.40219.1
Project("{2150E333-8FDC-42A3-9474-1A3956D46DE8}") = "Data", "Data", "{6979AD93-27AB-4103-A2BF-DEE01FE619B7}"
EndProject
Project("{2150E333-8FDC-42A3-9474-1A3956D46DE8}") = "Client", "Client", "{E9F6C0F4-33A3-4107-807B-79E29B0BF8F0}"
EndProject
Project("{2150E333-8FDC-42A3-9474-1A3956D46DE8}") = "Server", "Server", "{22725D02-B548-499D-B361-BC1B9B984D6A}"
EndProject
Project("{2150E333-8FDC-42A3-9474-1A3956D46DE8}") = "Services", "Services", "{EA700E5E-9B46-43DB-B355-E61AB3CD4161}"
EndProject
Project("{FAE04EC0-301F-11D3-BF4B-00C04F79EFBC}") = "App.Data", "Data\App.Data\App.Data.csproj", "{A58AE882-8992-49EE-AFB0-AA88535EF525}"
EndProject
Project("{FAE04EC0-301F-11D3-BF4B-00C04F79EFBC}") = "App.Data.Models", "Data\App.Data.Models\App.Data.Models.csproj", "{B5B3D816-1163-4FBC-BB37-2E438C69C61B}"
EndProject
Project("{FAE04EC0-301F-11D3-BF4B-00C04F79EFBC}") = "App.Data.Common", "Data\App.Data.Common\App.Data.Common.csproj", "{69390A1B-BA5A-4977-BD94-3F808C1029F0}"
EndProject
Project("{FAE04EC0-301F-11D3-BF4B-00C04F79EFBC}") = "App.Server.Api", "Server\App.Server.Api\App.Server.Api.csproj", "{65A4C575-58F2-4C91-8F4E-FED7A3C4E700}"
EndProject
Project("{FAE04EC0-301F-11D3-BF4B-00C04F79EFBC}") = "App.Server.Common", "Server\App.Server.Common\App.Server.Common.csproj", "{4E56A27D-F2F3-4E6C-9E1A-97B0AEEA8A11}"
EndProject
Project("{FAE04EC0-301F-11D3-BF4B-00C04F79EFBC}") = "App.Server.DataTransferModels", "Server\App.Server.DataTransferModels\App.Server.DataTransferModels.csproj", "{BCBBB09F-B45C-4C94-9DBE-0DB5D3AC5C1B}"
EndProject
Project("{FAE04EC0-301F-11D3-BF4B-00C04F79EFBC}") = "App.Server.Infrastructure", "Server\App.Server.Infrastructure\App.Server.Infrastructure.csproj", "{EBFD57AD-8818-4335-A64E-6BBD5B5F2909}"
EndProject
Project("{FAE04EC0-301F-11D3-BF4B-00C04F79EFBC}") = "App.Services.Data", "Services\App.Services.Data\App.Services.Data.csproj", "{25FA875D-06F5-4889-913D-A83E3949C5FA}"
EndProject
Project("{FAE04EC0-301F-11D3-BF4B-00C04F79EFBC}") = "App.Services.Logic", "Services\App.Services.Logic\App.Services.Logic.csproj", "{CA68605F-21A6-4134-968B-C65BA7C8FD5C}"
EndProject
Project("{FAE04EC0-301F-11D3-BF4B-00C04F79EFBC}") = "App.Client.Web", "Client\App.Client.Web\App.Client.Web.csproj", "{36AA6199-CB9A-41EB-B58E-79EC949F330A}"
EndProject
Global
	GlobalSection(SolutionConfigurationPlatforms) = preSolution
		Debug|Any CPU = Debug|Any CPU
		Release|Any CPU = Release|Any CPU
	EndGlobalSection
	GlobalSection(ProjectConfigurationPlatforms) = postSolution
		{A58AE882-8992-49EE-AFB0-AA88535EF525}.Debug|Any CPU.ActiveCfg = Debug|Any CPU
		{A58AE882-8992-49EE-AFB0-AA88535EF525}.Debug|Any CPU.Build.0 = Debug|Any CPU
		{A58AE882-8992-49EE-AFB0-AA88535EF525}.Release|Any CPU.ActiveCfg = Release|Any CPU
		{A58AE882-8992-49EE-AFB0-AA88535EF525}.Release|Any CPU.Build.0 = Release|Any CPU
		{B5B3D816-1163-4FBC-BB37-2E438C69C61B}.Debug|Any CPU.ActiveCfg = Debug|Any CPU
		{B5B3D816-1163-4FBC-BB37-2E438C69C61B}.Debug|Any CPU.Build.0 = Debug|Any CPU
		{B5B3D816-1163-4FBC-BB37-2E438C69C61B}.Release|Any CPU.ActiveCfg = Release|Any CPU
		{B5B3D816-1163-4FBC-BB37-2E438C69C61B}.Release|Any CPU.Build.0 = Release|Any CPU
		{69390A1B-BA5A-4977-BD94-3F808C1029F0}.Debug|Any CPU.ActiveCfg = Debug|Any CPU
		{69390A1B-BA5A-4977-BD94-3F808C1029F0}.Debug|Any CPU.Build.0 = Debug|Any CPU
		{69390A1B-BA5A-4977-BD94-3F808C1029F0}.Release|Any CPU.ActiveCfg = Release|Any CPU
		{69390A1B-BA5A-4977-BD94-3F808C1029F0}.Release|Any CPU.Build.0 = Release|Any CPU
		{65A4C575-58F2-4C91-8F4E-FED7A3C4E700}.Debug|Any CPU.ActiveCfg = Debug|Any CPU
		{65A4C575-58F2-4C91-8F4E-FED7A3C4E700}.Debug|Any CPU.Build.0 = Debug|Any CPU
		{65A4C575-58F2-4C91-8F4E-FED7A3C4E700}.Release|Any CPU.ActiveCfg = Release|Any CPU
		{65A4C575-58F2-4C91-8F4E-FED7A3C4E700}.Release|Any CPU.Build.0 = Release|Any CPU
		{4E56A27D-F2F3-4E6C-9E1A-97B0AEEA8A11}.Debug|Any CPU.ActiveCfg = Debug|Any CPU
		{4E56A27D-F2F3-4E6C-9E1A-97B0AEEA8A11}.Debug|Any CPU.Build.0 = Debug|Any CPU
		{4E56A27D-F2F3-4E6C-9E1A-97B0AEEA8A11}.Release|Any CPU.ActiveCfg = Release|Any CPU
		{4E56A27D-F2F3-4E6C-9E1A-97B0AEEA8A11}.Release|Any CPU.Build.0 = Release|Any CPU
		{BCBBB09F-B45C-4C94-9DBE-0DB5D3AC5C1B}.Debug|Any CPU.ActiveCfg = Debug|Any CPU
		{BCBBB09F-B45C-4C94-9DBE-0DB5D3AC5C1B}.Debug|Any CPU.Build.0 = Debug|Any CPU
		{BCBBB09F-B45C-4C94-9DBE-0DB5D3AC5C1B}.Release|Any CPU.ActiveCfg = Release|Any CPU
		{BCBBB09F-B45C-4C94-9DBE-0DB5D3AC5C1B}.Release|Any CPU.Build.0 = Release|Any CPU
		{EBFD57AD-8818-4335-A64E-6BBD5B5F2909}.Debug|Any CPU.ActiveCfg = Debug|Any CPU
		{EBFD57AD-8818-4335-A64E-6BBD5B5F2909}.Debug|Any CPU.Build.0 = Debug|Any CPU
		{EBFD57AD-8818-4335-A64E-6BBD5B5F2909}.Release|Any CPU.ActiveCfg = Release|Any CPU
		{EBFD57AD-8818-4335-A64E-6BBD5B5F2909}.Release|Any CPU.Build.0 = Release|Any CPU
		{25FA875D-06F5-4889-913D-A83E3949C5FA}.Debug|Any CPU.ActiveCfg = Debug|Any CPU
		{25FA875D-06F5-4889-913D-A83E3949C5FA}.Debug|Any CPU.Build.0 = Debug|Any CPU
		{25FA875D-06F5-4889-913D-A83E3949C5FA}.Release|Any CPU.ActiveCfg = Release|Any CPU
		{25FA875D-06F5-4889-913D-A83E3949C5FA}.Release|Any CPU.Build.0 = Release|Any CPU
		{CA68605F-21A6-4134-968B-C65BA7C8FD5C}.Debug|Any CPU.ActiveCfg = Debug|Any CPU
		{CA68605F-21A6-4134-968B-C65BA7C8FD5C}.Debug|Any CPU.Build.0 = Debug|Any CPU
		{CA68605F-21A6-4134-968B-C65BA7C8FD5C}.Release|Any CPU.ActiveCfg = Release|Any CPU
		{CA68605F-21A6-4134-968B-C65BA7C8FD5C}.Release|Any CPU.Build.0 = Release|Any CPU
		{36AA6199-CB9A-41EB-B58E-79EC949F330A}.Debug|Any CPU.ActiveCfg = Debug|Any CPU
		{36AA6199-CB9A-41EB-B58E-79EC949F330A}.Debug|Any CPU.Build.0 = Debug|Any CPU
		{36AA6199-CB9A-41EB-B58E-79EC949F330A}.Release|Any CPU.ActiveCfg = Release|Any CPU
		{36AA6199-CB9A-41EB-B58E-79EC949F330A}.Release|Any CPU.Build.0 = Release|Any CPU
	EndGlobalSection
	GlobalSection(SolutionProperties) = preSolution
		HideSolutionNode = FALSE
	EndGlobalSection
	GlobalSection(NestedProjects) = preSolution
		{A58AE882-8992-49EE-AFB0-AA88535EF525} = {6979AD93-27AB-4103-A2BF-DEE01FE619B7}
		{B5B3D816-1163-4FBC-BB37-2E438C69C61B} = {6979AD93-27AB-4103-A2BF-DEE01FE619B7}
		{69390A1B-BA5A-4977-BD94-3F808C1029F0} = {6979AD93-27AB-4103-A2BF-DEE01FE619B7}
		{65A4C575-58F2-4C91-8F4E-FED7A3C4E700} = {22725D02-B548-499D-B361-BC1B9B984D6A}
		{4E56A27D-F2F3-4E6C-9E1A-97B0AEEA8A11} = {22725D02-B548-499D-B361-BC1B9B984D6A}
		{BCBBB09F-B45C-4C94-9DBE-0DB5D3AC5C1B} = {22725D02-B548-499D-B361-BC1B9B984D6A}
		{EBFD57AD-8818-4335-A64E-6BBD5B5F2909} = {22725D02-B548-499D-B361-BC1B9B984D6A}
		{25FA875D-06F5-4889-913D-A83E3949C5FA} = {EA700E5E-9B46-43DB-B355-E61AB3CD4161}
		{CA68605F-21A6-4134-968B-C65BA7C8FD5C} = {EA700E5E-9B46-43DB-B355-E61AB3CD4161}
		{36AA6199-CB9A-41EB-B58E-79EC949F330A} = {E9F6C0F4-33A3-4107-807B-79E29B0BF8F0}
	EndGlobalSection
EndGlobal
